// !$*UTF8*$!
{
	archiveVersion = 1;
	classes = {
	};
	objectVersion = 56;
	objects = {

/* Begin PBXBuildFile section */
		8C038B2929EA682B00A66FA9 /* Depromeet_TCA_SampleApp.swift in Sources */ = {isa = PBXBuildFile; fileRef = 8C038B2829EA682B00A66FA9 /* Depromeet_TCA_SampleApp.swift */; };
		8C038B2D29EA682C00A66FA9 /* Assets.xcassets in Resources */ = {isa = PBXBuildFile; fileRef = 8C038B2C29EA682C00A66FA9 /* Assets.xcassets */; };
		8C038B3129EA682C00A66FA9 /* Preview Assets.xcassets in Resources */ = {isa = PBXBuildFile; fileRef = 8C038B3029EA682C00A66FA9 /* Preview Assets.xcassets */; };
		8C038B3B29EA682C00A66FA9 /* Depromeet_TCA_SampleTests.swift in Sources */ = {isa = PBXBuildFile; fileRef = 8C038B3A29EA682C00A66FA9 /* Depromeet_TCA_SampleTests.swift */; };
		8C038B4529EA682C00A66FA9 /* Depromeet_TCA_SampleUITests.swift in Sources */ = {isa = PBXBuildFile; fileRef = 8C038B4429EA682C00A66FA9 /* Depromeet_TCA_SampleUITests.swift */; };
		8C038B4729EA682C00A66FA9 /* Depromeet_TCA_SampleUITestsLaunchTests.swift in Sources */ = {isa = PBXBuildFile; fileRef = 8C038B4629EA682C00A66FA9 /* Depromeet_TCA_SampleUITestsLaunchTests.swift */; };
		8C038B5529EA68CE00A66FA9 /* ComposableArchitecture in Frameworks */ = {isa = PBXBuildFile; productRef = 8C038B5429EA68CE00A66FA9 /* ComposableArchitecture */; };
		8C038B5829EA6C9000A66FA9 /* TCACoordinators in Frameworks */ = {isa = PBXBuildFile; productRef = 8C038B5729EA6C9000A66FA9 /* TCACoordinators */; };
		8C038B5B29EA6D8000A66FA9 /* RepoSearchListView.swift in Sources */ = {isa = PBXBuildFile; fileRef = 8C038B5A29EA6D8000A66FA9 /* RepoSearchListView.swift */; };
		8C038B5D29EA6D8900A66FA9 /* RepoSearchListStore.swift in Sources */ = {isa = PBXBuildFile; fileRef = 8C038B5C29EA6D8900A66FA9 /* RepoSearchListStore.swift */; };
		8C038B6E29EB078800A66FA9 /* NetworkError.swift in Sources */ = {isa = PBXBuildFile; fileRef = 8C038B6D29EB078800A66FA9 /* NetworkError.swift */; };
		8C038B7129EB0B5900A66FA9 /* RepoSearchClient.swift in Sources */ = {isa = PBXBuildFile; fileRef = 8C038B7029EB0B5900A66FA9 /* RepoSearchClient.swift */; };
		8C038B7329EB12A100A66FA9 /* NetworkProvider.swift in Sources */ = {isa = PBXBuildFile; fileRef = 8C038B7229EB12A100A66FA9 /* NetworkProvider.swift */; };
		8C038B7929EBE60600A66FA9 /* RepoSearchResponseDTO.swift in Sources */ = {isa = PBXBuildFile; fileRef = 8C038B7829EBE60600A66FA9 /* RepoSearchResponseDTO.swift */; };
		8C038B7B29EBE61100A66FA9 /* Repository.swift in Sources */ = {isa = PBXBuildFile; fileRef = 8C038B7A29EBE61100A66FA9 /* Repository.swift */; };
		8C038B8029EBFA1E00A66FA9 /* RepoSearchRequestDTO.swift in Sources */ = {isa = PBXBuildFile; fileRef = 8C038B7F29EBFA1E00A66FA9 /* RepoSearchRequestDTO.swift */; };
		8C038B8329EBFEE300A66FA9 /* Encodable.swift in Sources */ = {isa = PBXBuildFile; fileRef = 8C038B8229EBFEE300A66FA9 /* Encodable.swift */; };
		8C038B8529EC160D00A66FA9 /* EndPoint.swift in Sources */ = {isa = PBXBuildFile; fileRef = 8C038B8429EC160C00A66FA9 /* EndPoint.swift */; };
		8C038B8829EC164800A66FA9 /* Requestable.swift in Sources */ = {isa = PBXBuildFile; fileRef = 8C038B8729EC164800A66FA9 /* Requestable.swift */; };
		8C038B8A29EC169500A66FA9 /* Responsable.swift in Sources */ = {isa = PBXBuildFile; fileRef = 8C038B8929EC169500A66FA9 /* Responsable.swift */; };
		8C038B8C29EC18D300A66FA9 /* RepoEndPoint.swift in Sources */ = {isa = PBXBuildFile; fileRef = 8C038B8B29EC18D300A66FA9 /* RepoEndPoint.swift */; };
		8CA37AF829F2D7240020213B /* RepoSearchItemStore.swift in Sources */ = {isa = PBXBuildFile; fileRef = 8CA37AF729F2D7240020213B /* RepoSearchItemStore.swift */; };
		8CA37AFA29F2D7340020213B /* RepoSearchItemView.swift in Sources */ = {isa = PBXBuildFile; fileRef = 8CA37AF929F2D7340020213B /* RepoSearchItemView.swift */; };
		8CA37AFC29F3A1F40020213B /* RepoSearchDetailView.swift in Sources */ = {isa = PBXBuildFile; fileRef = 8CA37AFB29F3A1F40020213B /* RepoSearchDetailView.swift */; };
/* End PBXBuildFile section */

/* Begin PBXContainerItemProxy section */
		8C038B3729EA682C00A66FA9 /* PBXContainerItemProxy */ = {
			isa = PBXContainerItemProxy;
			containerPortal = 8C038B1D29EA682B00A66FA9 /* Project object */;
			proxyType = 1;
			remoteGlobalIDString = 8C038B2429EA682B00A66FA9;
			remoteInfo = Depromeet_TCA_Sample;
		};
		8C038B4129EA682C00A66FA9 /* PBXContainerItemProxy */ = {
			isa = PBXContainerItemProxy;
			containerPortal = 8C038B1D29EA682B00A66FA9 /* Project object */;
			proxyType = 1;
			remoteGlobalIDString = 8C038B2429EA682B00A66FA9;
			remoteInfo = Depromeet_TCA_Sample;
		};
/* End PBXContainerItemProxy section */

/* Begin PBXFileReference section */
		8C038B2529EA682B00A66FA9 /* Depromeet_TCA_Sample.app */ = {isa = PBXFileReference; explicitFileType = wrapper.application; includeInIndex = 0; path = Depromeet_TCA_Sample.app; sourceTree = BUILT_PRODUCTS_DIR; };
		8C038B2829EA682B00A66FA9 /* Depromeet_TCA_SampleApp.swift */ = {isa = PBXFileReference; lastKnownFileType = sourcecode.swift; path = Depromeet_TCA_SampleApp.swift; sourceTree = "<group>"; };
		8C038B2C29EA682C00A66FA9 /* Assets.xcassets */ = {isa = PBXFileReference; lastKnownFileType = folder.assetcatalog; path = Assets.xcassets; sourceTree = "<group>"; };
		8C038B2E29EA682C00A66FA9 /* Depromeet_TCA_Sample.entitlements */ = {isa = PBXFileReference; lastKnownFileType = text.plist.entitlements; path = Depromeet_TCA_Sample.entitlements; sourceTree = "<group>"; };
		8C038B3029EA682C00A66FA9 /* Preview Assets.xcassets */ = {isa = PBXFileReference; lastKnownFileType = folder.assetcatalog; path = "Preview Assets.xcassets"; sourceTree = "<group>"; };
		8C038B3629EA682C00A66FA9 /* Depromeet_TCA_SampleTests.xctest */ = {isa = PBXFileReference; explicitFileType = wrapper.cfbundle; includeInIndex = 0; path = Depromeet_TCA_SampleTests.xctest; sourceTree = BUILT_PRODUCTS_DIR; };
		8C038B3A29EA682C00A66FA9 /* Depromeet_TCA_SampleTests.swift */ = {isa = PBXFileReference; lastKnownFileType = sourcecode.swift; path = Depromeet_TCA_SampleTests.swift; sourceTree = "<group>"; };
		8C038B4029EA682C00A66FA9 /* Depromeet_TCA_SampleUITests.xctest */ = {isa = PBXFileReference; explicitFileType = wrapper.cfbundle; includeInIndex = 0; path = Depromeet_TCA_SampleUITests.xctest; sourceTree = BUILT_PRODUCTS_DIR; };
		8C038B4429EA682C00A66FA9 /* Depromeet_TCA_SampleUITests.swift */ = {isa = PBXFileReference; lastKnownFileType = sourcecode.swift; path = Depromeet_TCA_SampleUITests.swift; sourceTree = "<group>"; };
		8C038B4629EA682C00A66FA9 /* Depromeet_TCA_SampleUITestsLaunchTests.swift */ = {isa = PBXFileReference; lastKnownFileType = sourcecode.swift; path = Depromeet_TCA_SampleUITestsLaunchTests.swift; sourceTree = "<group>"; };
		8C038B5A29EA6D8000A66FA9 /* RepoSearchListView.swift */ = {isa = PBXFileReference; lastKnownFileType = sourcecode.swift; path = RepoSearchListView.swift; sourceTree = "<group>"; };
		8C038B5C29EA6D8900A66FA9 /* RepoSearchListStore.swift */ = {isa = PBXFileReference; lastKnownFileType = sourcecode.swift; path = RepoSearchListStore.swift; sourceTree = "<group>"; };
		8C038B6D29EB078800A66FA9 /* NetworkError.swift */ = {isa = PBXFileReference; lastKnownFileType = sourcecode.swift; path = NetworkError.swift; sourceTree = "<group>"; };
		8C038B7029EB0B5900A66FA9 /* RepoSearchClient.swift */ = {isa = PBXFileReference; lastKnownFileType = sourcecode.swift; path = RepoSearchClient.swift; sourceTree = "<group>"; };
		8C038B7229EB12A100A66FA9 /* NetworkProvider.swift */ = {isa = PBXFileReference; lastKnownFileType = sourcecode.swift; path = NetworkProvider.swift; sourceTree = "<group>"; };
		8C038B7429EBD92A00A66FA9 /* Depromeet-TCA-Sample-Info.plist */ = {isa = PBXFileReference; lastKnownFileType = text.plist.xml; name = "Depromeet-TCA-Sample-Info.plist"; path = "Depromeet_TCA_Sample/Resource/Depromeet-TCA-Sample-Info.plist"; sourceTree = SOURCE_ROOT; };
		8C038B7829EBE60600A66FA9 /* RepoSearchResponseDTO.swift */ = {isa = PBXFileReference; lastKnownFileType = sourcecode.swift; path = RepoSearchResponseDTO.swift; sourceTree = "<group>"; };
		8C038B7A29EBE61100A66FA9 /* Repository.swift */ = {isa = PBXFileReference; lastKnownFileType = sourcecode.swift; path = Repository.swift; sourceTree = "<group>"; };
		8C038B7F29EBFA1E00A66FA9 /* RepoSearchRequestDTO.swift */ = {isa = PBXFileReference; lastKnownFileType = sourcecode.swift; path = RepoSearchRequestDTO.swift; sourceTree = "<group>"; };
		8C038B8229EBFEE300A66FA9 /* Encodable.swift */ = {isa = PBXFileReference; lastKnownFileType = sourcecode.swift; path = Encodable.swift; sourceTree = "<group>"; };
		8C038B8429EC160C00A66FA9 /* EndPoint.swift */ = {isa = PBXFileReference; lastKnownFileType = sourcecode.swift; path = EndPoint.swift; sourceTree = "<group>"; };
		8C038B8729EC164800A66FA9 /* Requestable.swift */ = {isa = PBXFileReference; lastKnownFileType = sourcecode.swift; path = Requestable.swift; sourceTree = "<group>"; };
		8C038B8929EC169500A66FA9 /* Responsable.swift */ = {isa = PBXFileReference; lastKnownFileType = sourcecode.swift; path = Responsable.swift; sourceTree = "<group>"; };
		8C038B8B29EC18D300A66FA9 /* RepoEndPoint.swift */ = {isa = PBXFileReference; lastKnownFileType = sourcecode.swift; path = RepoEndPoint.swift; sourceTree = "<group>"; };
		8CA37AF729F2D7240020213B /* RepoSearchItemStore.swift */ = {isa = PBXFileReference; lastKnownFileType = sourcecode.swift; path = RepoSearchItemStore.swift; sourceTree = "<group>"; };
		8CA37AF929F2D7340020213B /* RepoSearchItemView.swift */ = {isa = PBXFileReference; lastKnownFileType = sourcecode.swift; path = RepoSearchItemView.swift; sourceTree = "<group>"; };
		8CA37AFB29F3A1F40020213B /* RepoSearchDetailView.swift */ = {isa = PBXFileReference; lastKnownFileType = sourcecode.swift; path = RepoSearchDetailView.swift; sourceTree = "<group>"; };
/* End PBXFileReference section */

/* Begin PBXFrameworksBuildPhase section */
		8C038B2229EA682B00A66FA9 /* Frameworks */ = {
			isa = PBXFrameworksBuildPhase;
			buildActionMask = 2147483647;
			files = (
				8C038B5829EA6C9000A66FA9 /* TCACoordinators in Frameworks */,
				8C038B5529EA68CE00A66FA9 /* ComposableArchitecture in Frameworks */,
			);
			runOnlyForDeploymentPostprocessing = 0;
		};
		8C038B3329EA682C00A66FA9 /* Frameworks */ = {
			isa = PBXFrameworksBuildPhase;
			buildActionMask = 2147483647;
			files = (
			);
			runOnlyForDeploymentPostprocessing = 0;
		};
		8C038B3D29EA682C00A66FA9 /* Frameworks */ = {
			isa = PBXFrameworksBuildPhase;
			buildActionMask = 2147483647;
			files = (
			);
			runOnlyForDeploymentPostprocessing = 0;
		};
/* End PBXFrameworksBuildPhase section */

/* Begin PBXGroup section */
		8C038B1C29EA682B00A66FA9 = {
			isa = PBXGroup;
			children = (
				8C038B2729EA682B00A66FA9 /* Depromeet_TCA_Sample */,
				8C038B3929EA682C00A66FA9 /* Depromeet_TCA_SampleTests */,
				8C038B4329EA682C00A66FA9 /* Depromeet_TCA_SampleUITests */,
				8C038B2629EA682B00A66FA9 /* Products */,
			);
			sourceTree = "<group>";
		};
		8C038B2629EA682B00A66FA9 /* Products */ = {
			isa = PBXGroup;
			children = (
				8C038B2529EA682B00A66FA9 /* Depromeet_TCA_Sample.app */,
				8C038B3629EA682C00A66FA9 /* Depromeet_TCA_SampleTests.xctest */,
				8C038B4029EA682C00A66FA9 /* Depromeet_TCA_SampleUITests.xctest */,
			);
			name = Products;
			sourceTree = "<group>";
		};
		8C038B2729EA682B00A66FA9 /* Depromeet_TCA_Sample */ = {
			isa = PBXGroup;
			children = (
				8C038B5E29EAB83500A66FA9 /* Application */,
				8C038B6F29EB0B2300A66FA9 /* Dependency */,
				8C038B6329EAB9EC00A66FA9 /* Data */,
				8C038B6C29EB06C800A66FA9 /* Network */,
				8C038B6729EABB9500A66FA9 /* Util */,
				8C038B6A29EABBEF00A66FA9 /* DesignSystem */,
				8C038B6629EABAD000A66FA9 /* Resource */,
				8C038B2F29EA682C00A66FA9 /* Preview Content */,
			);
			path = Depromeet_TCA_Sample;
			sourceTree = "<group>";
		};
		8C038B2F29EA682C00A66FA9 /* Preview Content */ = {
			isa = PBXGroup;
			children = (
				8C038B3029EA682C00A66FA9 /* Preview Assets.xcassets */,
			);
			path = "Preview Content";
			sourceTree = "<group>";
		};
		8C038B3929EA682C00A66FA9 /* Depromeet_TCA_SampleTests */ = {
			isa = PBXGroup;
			children = (
				8C038B3A29EA682C00A66FA9 /* Depromeet_TCA_SampleTests.swift */,
			);
			path = Depromeet_TCA_SampleTests;
			sourceTree = "<group>";
		};
		8C038B4329EA682C00A66FA9 /* Depromeet_TCA_SampleUITests */ = {
			isa = PBXGroup;
			children = (
				8C038B4429EA682C00A66FA9 /* Depromeet_TCA_SampleUITests.swift */,
				8C038B4629EA682C00A66FA9 /* Depromeet_TCA_SampleUITestsLaunchTests.swift */,
			);
			path = Depromeet_TCA_SampleUITests;
			sourceTree = "<group>";
		};
		8C038B5929EA6D6400A66FA9 /* View */ = {
			isa = PBXGroup;
			children = (
				8C038B2829EA682B00A66FA9 /* Depromeet_TCA_SampleApp.swift */,
				8C038B5F29EAB85800A66FA9 /* RepoSearch */,
			);
			path = View;
			sourceTree = "<group>";
		};
		8C038B5E29EAB83500A66FA9 /* Application */ = {
			isa = PBXGroup;
			children = (
				8C038B5929EA6D6400A66FA9 /* View */,
				8C038B8D29EC283E00A66FA9 /* Store */,
			);
			path = Application;
			sourceTree = "<group>";
		};
		8C038B5F29EAB85800A66FA9 /* RepoSearch */ = {
			isa = PBXGroup;
			children = (
				8C038B5A29EA6D8000A66FA9 /* RepoSearchListView.swift */,
				8CA37AF929F2D7340020213B /* RepoSearchItemView.swift */,
				8CA37AFB29F3A1F40020213B /* RepoSearchDetailView.swift */,
			);
			path = RepoSearch;
			sourceTree = "<group>";
		};
		8C038B6329EAB9EC00A66FA9 /* Data */ = {
			isa = PBXGroup;
			children = (
				8C038B7E29EBFA0D00A66FA9 /* RequestDTO */,
				8C038B7729EBE5F000A66FA9 /* ResponseDTO */,
				8C038B6429EAB9F500A66FA9 /* Model */,
			);
			path = Data;
			sourceTree = "<group>";
		};
		8C038B6429EAB9F500A66FA9 /* Model */ = {
			isa = PBXGroup;
			children = (
				8C038B7A29EBE61100A66FA9 /* Repository.swift */,
			);
			path = Model;
			sourceTree = "<group>";
		};
		8C038B6529EAB9FC00A66FA9 /* Client */ = {
			isa = PBXGroup;
			children = (
				8C038B7629EBE27100A66FA9 /* RepoSearch */,
			);
			path = Client;
			sourceTree = "<group>";
		};
		8C038B6629EABAD000A66FA9 /* Resource */ = {
			isa = PBXGroup;
			children = (
				8C038B7429EBD92A00A66FA9 /* Depromeet-TCA-Sample-Info.plist */,
				8C038B2E29EA682C00A66FA9 /* Depromeet_TCA_Sample.entitlements */,
				8C038B2C29EA682C00A66FA9 /* Assets.xcassets */,
			);
			path = Resource;
			sourceTree = "<group>";
		};
		8C038B6729EABB9500A66FA9 /* Util */ = {
			isa = PBXGroup;
			children = (
				8C038B8129EBFED900A66FA9 /* Extension */,
			);
			path = Util;
			sourceTree = "<group>";
		};
		8C038B6A29EABBEF00A66FA9 /* DesignSystem */ = {
			isa = PBXGroup;
			children = (
				8C038B9029EC287600A66FA9 /* Images */,
				8C038B8F29EC287000A66FA9 /* Colors */,
				8C038B6B29EABBFA00A66FA9 /* Component */,
			);
			path = DesignSystem;
			sourceTree = "<group>";
		};
		8C038B6B29EABBFA00A66FA9 /* Component */ = {
			isa = PBXGroup;
			children = (
			);
			path = Component;
			sourceTree = "<group>";
		};
		8C038B6C29EB06C800A66FA9 /* Network */ = {
			isa = PBXGroup;
			children = (
				8C038B8629EC162200A66FA9 /* EndPoint */,
				8C038B6D29EB078800A66FA9 /* NetworkError.swift */,
				8C038B7229EB12A100A66FA9 /* NetworkProvider.swift */,
			);
			path = Network;
			sourceTree = "<group>";
		};
		8C038B6F29EB0B2300A66FA9 /* Dependency */ = {
			isa = PBXGroup;
			children = (
				8C038B6529EAB9FC00A66FA9 /* Client */,
			);
			path = Dependency;
			sourceTree = "<group>";
		};
		8C038B7629EBE27100A66FA9 /* RepoSearch */ = {
			isa = PBXGroup;
			children = (
				8C038B7029EB0B5900A66FA9 /* RepoSearchClient.swift */,
				8C038B8B29EC18D300A66FA9 /* RepoEndPoint.swift */,
			);
			path = RepoSearch;
			sourceTree = "<group>";
		};
		8C038B7729EBE5F000A66FA9 /* ResponseDTO */ = {
			isa = PBXGroup;
			children = (
				8C038B7829EBE60600A66FA9 /* RepoSearchResponseDTO.swift */,
			);
			path = ResponseDTO;
			sourceTree = "<group>";
		};
		8C038B7E29EBFA0D00A66FA9 /* RequestDTO */ = {
			isa = PBXGroup;
			children = (
				8C038B7F29EBFA1E00A66FA9 /* RepoSearchRequestDTO.swift */,
			);
			path = RequestDTO;
			sourceTree = "<group>";
		};
		8C038B8129EBFED900A66FA9 /* Extension */ = {
			isa = PBXGroup;
			children = (
				8C038B8229EBFEE300A66FA9 /* Encodable.swift */,
			);
			path = Extension;
			sourceTree = "<group>";
		};
		8C038B8629EC162200A66FA9 /* EndPoint */ = {
			isa = PBXGroup;
			children = (
				8C038B8429EC160C00A66FA9 /* EndPoint.swift */,
				8C038B8729EC164800A66FA9 /* Requestable.swift */,
				8C038B8929EC169500A66FA9 /* Responsable.swift */,
			);
			path = EndPoint;
			sourceTree = "<group>";
		};
		8C038B8D29EC283E00A66FA9 /* Store */ = {
			isa = PBXGroup;
			children = (
				8C038B8E29EC284A00A66FA9 /* RepoSearch */,
			);
			path = Store;
			sourceTree = "<group>";
		};
		8C038B8E29EC284A00A66FA9 /* RepoSearch */ = {
			isa = PBXGroup;
			children = (
				8C038B5C29EA6D8900A66FA9 /* RepoSearchListStore.swift */,
				8CA37AF729F2D7240020213B /* RepoSearchItemStore.swift */,
			);
			path = RepoSearch;
			sourceTree = "<group>";
		};
		8C038B8F29EC287000A66FA9 /* Colors */ = {
			isa = PBXGroup;
			children = (
			);
			path = Colors;
			sourceTree = "<group>";
		};
		8C038B9029EC287600A66FA9 /* Images */ = {
			isa = PBXGroup;
			children = (
			);
			path = Images;
			sourceTree = "<group>";
		};
/* End PBXGroup section */

/* Begin PBXNativeTarget section */
		8C038B2429EA682B00A66FA9 /* Depromeet_TCA_Sample */ = {
			isa = PBXNativeTarget;
			buildConfigurationList = 8C038B4A29EA682C00A66FA9 /* Build configuration list for PBXNativeTarget "Depromeet_TCA_Sample" */;
			buildPhases = (
				8C038B2129EA682B00A66FA9 /* Sources */,
				8C038B2229EA682B00A66FA9 /* Frameworks */,
				8C038B2329EA682B00A66FA9 /* Resources */,
			);
			buildRules = (
			);
			dependencies = (
			);
			name = Depromeet_TCA_Sample;
			packageProductDependencies = (
				8C038B5429EA68CE00A66FA9 /* ComposableArchitecture */,
				8C038B5729EA6C9000A66FA9 /* TCACoordinators */,
			);
			productName = Depromeet_TCA_Sample;
			productReference = 8C038B2529EA682B00A66FA9 /* Depromeet_TCA_Sample.app */;
			productType = "com.apple.product-type.application";
		};
		8C038B3529EA682C00A66FA9 /* Depromeet_TCA_SampleTests */ = {
			isa = PBXNativeTarget;
			buildConfigurationList = 8C038B4D29EA682C00A66FA9 /* Build configuration list for PBXNativeTarget "Depromeet_TCA_SampleTests" */;
			buildPhases = (
				8C038B3229EA682C00A66FA9 /* Sources */,
				8C038B3329EA682C00A66FA9 /* Frameworks */,
				8C038B3429EA682C00A66FA9 /* Resources */,
			);
			buildRules = (
			);
			dependencies = (
				8C038B3829EA682C00A66FA9 /* PBXTargetDependency */,
			);
			name = Depromeet_TCA_SampleTests;
			productName = Depromeet_TCA_SampleTests;
			productReference = 8C038B3629EA682C00A66FA9 /* Depromeet_TCA_SampleTests.xctest */;
			productType = "com.apple.product-type.bundle.unit-test";
		};
		8C038B3F29EA682C00A66FA9 /* Depromeet_TCA_SampleUITests */ = {
			isa = PBXNativeTarget;
			buildConfigurationList = 8C038B5029EA682C00A66FA9 /* Build configuration list for PBXNativeTarget "Depromeet_TCA_SampleUITests" */;
			buildPhases = (
				8C038B3C29EA682C00A66FA9 /* Sources */,
				8C038B3D29EA682C00A66FA9 /* Frameworks */,
				8C038B3E29EA682C00A66FA9 /* Resources */,
			);
			buildRules = (
			);
			dependencies = (
				8C038B4229EA682C00A66FA9 /* PBXTargetDependency */,
			);
			name = Depromeet_TCA_SampleUITests;
			productName = Depromeet_TCA_SampleUITests;
			productReference = 8C038B4029EA682C00A66FA9 /* Depromeet_TCA_SampleUITests.xctest */;
			productType = "com.apple.product-type.bundle.ui-testing";
		};
/* End PBXNativeTarget section */

/* Begin PBXProject section */
		8C038B1D29EA682B00A66FA9 /* Project object */ = {
			isa = PBXProject;
			attributes = {
				BuildIndependentTargetsInParallel = 1;
				LastSwiftUpdateCheck = 1430;
				LastUpgradeCheck = 1430;
				TargetAttributes = {
					8C038B2429EA682B00A66FA9 = {
						CreatedOnToolsVersion = 14.3;
					};
					8C038B3529EA682C00A66FA9 = {
						CreatedOnToolsVersion = 14.3;
						TestTargetID = 8C038B2429EA682B00A66FA9;
					};
					8C038B3F29EA682C00A66FA9 = {
						CreatedOnToolsVersion = 14.3;
						TestTargetID = 8C038B2429EA682B00A66FA9;
					};
				};
			};
			buildConfigurationList = 8C038B2029EA682B00A66FA9 /* Build configuration list for PBXProject "Depromeet_TCA_Sample" */;
			compatibilityVersion = "Xcode 14.0";
			developmentRegion = en;
			hasScannedForEncodings = 0;
			knownRegions = (
				en,
				Base,
			);
			mainGroup = 8C038B1C29EA682B00A66FA9;
			packageReferences = (
				8C038B5329EA68CE00A66FA9 /* XCRemoteSwiftPackageReference "swift-composable-architecture" */,
				8C038B5629EA6C9000A66FA9 /* XCRemoteSwiftPackageReference "TCACoordinators" */,
			);
			productRefGroup = 8C038B2629EA682B00A66FA9 /* Products */;
			projectDirPath = "";
			projectRoot = "";
			targets = (
				8C038B2429EA682B00A66FA9 /* Depromeet_TCA_Sample */,
				8C038B3529EA682C00A66FA9 /* Depromeet_TCA_SampleTests */,
				8C038B3F29EA682C00A66FA9 /* Depromeet_TCA_SampleUITests */,
			);
		};
/* End PBXProject section */

/* Begin PBXResourcesBuildPhase section */
		8C038B2329EA682B00A66FA9 /* Resources */ = {
			isa = PBXResourcesBuildPhase;
			buildActionMask = 2147483647;
			files = (
				8C038B3129EA682C00A66FA9 /* Preview Assets.xcassets in Resources */,
				8C038B2D29EA682C00A66FA9 /* Assets.xcassets in Resources */,
			);
			runOnlyForDeploymentPostprocessing = 0;
		};
		8C038B3429EA682C00A66FA9 /* Resources */ = {
			isa = PBXResourcesBuildPhase;
			buildActionMask = 2147483647;
			files = (
			);
			runOnlyForDeploymentPostprocessing = 0;
		};
		8C038B3E29EA682C00A66FA9 /* Resources */ = {
			isa = PBXResourcesBuildPhase;
			buildActionMask = 2147483647;
			files = (
			);
			runOnlyForDeploymentPostprocessing = 0;
		};
/* End PBXResourcesBuildPhase section */

/* Begin PBXSourcesBuildPhase section */
		8C038B2129EA682B00A66FA9 /* Sources */ = {
			isa = PBXSourcesBuildPhase;
			buildActionMask = 2147483647;
			files = (
				8C038B8A29EC169500A66FA9 /* Responsable.swift in Sources */,
				8CA37AFC29F3A1F40020213B /* RepoSearchDetailView.swift in Sources */,
				8C038B5B29EA6D8000A66FA9 /* RepoSearchListView.swift in Sources */,
				8C038B8C29EC18D300A66FA9 /* RepoEndPoint.swift in Sources */,
				8C038B6E29EB078800A66FA9 /* NetworkError.swift in Sources */,
				8C038B2929EA682B00A66FA9 /* Depromeet_TCA_SampleApp.swift in Sources */,
				8C038B7B29EBE61100A66FA9 /* Repository.swift in Sources */,
				8C038B7929EBE60600A66FA9 /* RepoSearchResponseDTO.swift in Sources */,
				8C038B8529EC160D00A66FA9 /* EndPoint.swift in Sources */,
				8C038B5D29EA6D8900A66FA9 /* RepoSearchListStore.swift in Sources */,
				8CA37AFA29F2D7340020213B /* RepoSearchItemView.swift in Sources */,
				8C038B7129EB0B5900A66FA9 /* RepoSearchClient.swift in Sources */,
				8C038B7329EB12A100A66FA9 /* NetworkProvider.swift in Sources */,
				8CA37AF829F2D7240020213B /* RepoSearchItemStore.swift in Sources */,
				8C038B8829EC164800A66FA9 /* Requestable.swift in Sources */,
				8C038B8029EBFA1E00A66FA9 /* RepoSearchRequestDTO.swift in Sources */,
				8C038B8329EBFEE300A66FA9 /* Encodable.swift in Sources */,
			);
			runOnlyForDeploymentPostprocessing = 0;
		};
		8C038B3229EA682C00A66FA9 /* Sources */ = {
			isa = PBXSourcesBuildPhase;
			buildActionMask = 2147483647;
			files = (
				8C038B3B29EA682C00A66FA9 /* Depromeet_TCA_SampleTests.swift in Sources */,
			);
			runOnlyForDeploymentPostprocessing = 0;
		};
		8C038B3C29EA682C00A66FA9 /* Sources */ = {
			isa = PBXSourcesBuildPhase;
			buildActionMask = 2147483647;
			files = (
				8C038B4529EA682C00A66FA9 /* Depromeet_TCA_SampleUITests.swift in Sources */,
				8C038B4729EA682C00A66FA9 /* Depromeet_TCA_SampleUITestsLaunchTests.swift in Sources */,
			);
			runOnlyForDeploymentPostprocessing = 0;
		};
/* End PBXSourcesBuildPhase section */

/* Begin PBXTargetDependency section */
		8C038B3829EA682C00A66FA9 /* PBXTargetDependency */ = {
			isa = PBXTargetDependency;
			target = 8C038B2429EA682B00A66FA9 /* Depromeet_TCA_Sample */;
			targetProxy = 8C038B3729EA682C00A66FA9 /* PBXContainerItemProxy */;
		};
		8C038B4229EA682C00A66FA9 /* PBXTargetDependency */ = {
			isa = PBXTargetDependency;
			target = 8C038B2429EA682B00A66FA9 /* Depromeet_TCA_Sample */;
			targetProxy = 8C038B4129EA682C00A66FA9 /* PBXContainerItemProxy */;
		};
/* End PBXTargetDependency section */

/* Begin XCBuildConfiguration section */
		8C038B4829EA682C00A66FA9 /* Debug */ = {
			isa = XCBuildConfiguration;
			buildSettings = {
				ALWAYS_SEARCH_USER_PATHS = NO;
				CLANG_ANALYZER_NONNULL = YES;
				CLANG_ANALYZER_NUMBER_OBJECT_CONVERSION = YES_AGGRESSIVE;
				CLANG_CXX_LANGUAGE_STANDARD = "gnu++20";
				CLANG_ENABLE_MODULES = YES;
				CLANG_ENABLE_OBJC_ARC = YES;
				CLANG_ENABLE_OBJC_WEAK = YES;
				CLANG_WARN_BLOCK_CAPTURE_AUTORELEASING = YES;
				CLANG_WARN_BOOL_CONVERSION = YES;
				CLANG_WARN_COMMA = YES;
				CLANG_WARN_CONSTANT_CONVERSION = YES;
				CLANG_WARN_DEPRECATED_OBJC_IMPLEMENTATIONS = YES;
				CLANG_WARN_DIRECT_OBJC_ISA_USAGE = YES_ERROR;
				CLANG_WARN_DOCUMENTATION_COMMENTS = YES;
				CLANG_WARN_EMPTY_BODY = YES;
				CLANG_WARN_ENUM_CONVERSION = YES;
				CLANG_WARN_INFINITE_RECURSION = YES;
				CLANG_WARN_INT_CONVERSION = YES;
				CLANG_WARN_NON_LITERAL_NULL_CONVERSION = YES;
				CLANG_WARN_OBJC_IMPLICIT_RETAIN_SELF = YES;
				CLANG_WARN_OBJC_LITERAL_CONVERSION = YES;
				CLANG_WARN_OBJC_ROOT_CLASS = YES_ERROR;
				CLANG_WARN_QUOTED_INCLUDE_IN_FRAMEWORK_HEADER = YES;
				CLANG_WARN_RANGE_LOOP_ANALYSIS = YES;
				CLANG_WARN_STRICT_PROTOTYPES = YES;
				CLANG_WARN_SUSPICIOUS_MOVE = YES;
				CLANG_WARN_UNGUARDED_AVAILABILITY = YES_AGGRESSIVE;
				CLANG_WARN_UNREACHABLE_CODE = YES;
				CLANG_WARN__DUPLICATE_METHOD_MATCH = YES;
				COPY_PHASE_STRIP = NO;
				DEBUG_INFORMATION_FORMAT = dwarf;
				ENABLE_STRICT_OBJC_MSGSEND = YES;
				ENABLE_TESTABILITY = YES;
				GCC_C_LANGUAGE_STANDARD = gnu11;
				GCC_DYNAMIC_NO_PIC = NO;
				GCC_NO_COMMON_BLOCKS = YES;
				GCC_OPTIMIZATION_LEVEL = 0;
				GCC_PREPROCESSOR_DEFINITIONS = (
					"DEBUG=1",
					"$(inherited)",
				);
				GCC_WARN_64_TO_32_BIT_CONVERSION = YES;
				GCC_WARN_ABOUT_RETURN_TYPE = YES_ERROR;
				GCC_WARN_UNDECLARED_SELECTOR = YES;
				GCC_WARN_UNINITIALIZED_AUTOS = YES_AGGRESSIVE;
				GCC_WARN_UNUSED_FUNCTION = YES;
				GCC_WARN_UNUSED_VARIABLE = YES;
				MTL_ENABLE_DEBUG_INFO = INCLUDE_SOURCE;
				MTL_FAST_MATH = YES;
				ONLY_ACTIVE_ARCH = YES;
				SWIFT_ACTIVE_COMPILATION_CONDITIONS = DEBUG;
				SWIFT_OPTIMIZATION_LEVEL = "-Onone";
			};
			name = Debug;
		};
		8C038B4929EA682C00A66FA9 /* Release */ = {
			isa = XCBuildConfiguration;
			buildSettings = {
				ALWAYS_SEARCH_USER_PATHS = NO;
				CLANG_ANALYZER_NONNULL = YES;
				CLANG_ANALYZER_NUMBER_OBJECT_CONVERSION = YES_AGGRESSIVE;
				CLANG_CXX_LANGUAGE_STANDARD = "gnu++20";
				CLANG_ENABLE_MODULES = YES;
				CLANG_ENABLE_OBJC_ARC = YES;
				CLANG_ENABLE_OBJC_WEAK = YES;
				CLANG_WARN_BLOCK_CAPTURE_AUTORELEASING = YES;
				CLANG_WARN_BOOL_CONVERSION = YES;
				CLANG_WARN_COMMA = YES;
				CLANG_WARN_CONSTANT_CONVERSION = YES;
				CLANG_WARN_DEPRECATED_OBJC_IMPLEMENTATIONS = YES;
				CLANG_WARN_DIRECT_OBJC_ISA_USAGE = YES_ERROR;
				CLANG_WARN_DOCUMENTATION_COMMENTS = YES;
				CLANG_WARN_EMPTY_BODY = YES;
				CLANG_WARN_ENUM_CONVERSION = YES;
				CLANG_WARN_INFINITE_RECURSION = YES;
				CLANG_WARN_INT_CONVERSION = YES;
				CLANG_WARN_NON_LITERAL_NULL_CONVERSION = YES;
				CLANG_WARN_OBJC_IMPLICIT_RETAIN_SELF = YES;
				CLANG_WARN_OBJC_LITERAL_CONVERSION = YES;
				CLANG_WARN_OBJC_ROOT_CLASS = YES_ERROR;
				CLANG_WARN_QUOTED_INCLUDE_IN_FRAMEWORK_HEADER = YES;
				CLANG_WARN_RANGE_LOOP_ANALYSIS = YES;
				CLANG_WARN_STRICT_PROTOTYPES = YES;
				CLANG_WARN_SUSPICIOUS_MOVE = YES;
				CLANG_WARN_UNGUARDED_AVAILABILITY = YES_AGGRESSIVE;
				CLANG_WARN_UNREACHABLE_CODE = YES;
				CLANG_WARN__DUPLICATE_METHOD_MATCH = YES;
				COPY_PHASE_STRIP = NO;
				DEBUG_INFORMATION_FORMAT = "dwarf-with-dsym";
				ENABLE_NS_ASSERTIONS = NO;
				ENABLE_STRICT_OBJC_MSGSEND = YES;
				GCC_C_LANGUAGE_STANDARD = gnu11;
				GCC_NO_COMMON_BLOCKS = YES;
				GCC_WARN_64_TO_32_BIT_CONVERSION = YES;
				GCC_WARN_ABOUT_RETURN_TYPE = YES_ERROR;
				GCC_WARN_UNDECLARED_SELECTOR = YES;
				GCC_WARN_UNINITIALIZED_AUTOS = YES_AGGRESSIVE;
				GCC_WARN_UNUSED_FUNCTION = YES;
				GCC_WARN_UNUSED_VARIABLE = YES;
				MTL_ENABLE_DEBUG_INFO = NO;
				MTL_FAST_MATH = YES;
				SWIFT_COMPILATION_MODE = wholemodule;
				SWIFT_OPTIMIZATION_LEVEL = "-O";
			};
			name = Release;
		};
		8C038B4B29EA682C00A66FA9 /* Debug */ = {
			isa = XCBuildConfiguration;
			buildSettings = {
				ASSETCATALOG_COMPILER_APPICON_NAME = AppIcon;
				ASSETCATALOG_COMPILER_GLOBAL_ACCENT_COLOR_NAME = AccentColor;
				CODE_SIGN_ENTITLEMENTS = Depromeet_TCA_Sample/Resource/Depromeet_TCA_Sample.entitlements;
				CODE_SIGN_STYLE = Automatic;
				CURRENT_PROJECT_VERSION = 1;
				DEVELOPMENT_ASSET_PATHS = "\"Depromeet_TCA_Sample/Preview Content\"";
				DEVELOPMENT_TEAM = 69RY8NDZ33;
				ENABLE_HARDENED_RUNTIME = YES;
				ENABLE_PREVIEWS = YES;
				GENERATE_INFOPLIST_FILE = YES;
				INFOPLIST_FILE = "Depromeet_TCA_Sample/Resource/Depromeet-TCA-Sample-Info.plist";
				"INFOPLIST_KEY_UIApplicationSceneManifest_Generation[sdk=iphoneos*]" = YES;
				"INFOPLIST_KEY_UIApplicationSceneManifest_Generation[sdk=iphonesimulator*]" = YES;
				"INFOPLIST_KEY_UIApplicationSupportsIndirectInputEvents[sdk=iphoneos*]" = YES;
				"INFOPLIST_KEY_UIApplicationSupportsIndirectInputEvents[sdk=iphonesimulator*]" = YES;
				"INFOPLIST_KEY_UILaunchScreen_Generation[sdk=iphoneos*]" = YES;
				"INFOPLIST_KEY_UILaunchScreen_Generation[sdk=iphonesimulator*]" = YES;
				"INFOPLIST_KEY_UIStatusBarStyle[sdk=iphoneos*]" = UIStatusBarStyleDefault;
				"INFOPLIST_KEY_UIStatusBarStyle[sdk=iphonesimulator*]" = UIStatusBarStyleDefault;
				INFOPLIST_KEY_UISupportedInterfaceOrientations = UIInterfaceOrientationPortrait;
				INFOPLIST_KEY_UISupportedInterfaceOrientations_iPad = "UIInterfaceOrientationLandscapeLeft UIInterfaceOrientationLandscapeRight UIInterfaceOrientationPortrait UIInterfaceOrientationPortraitUpsideDown";
				IPHONEOS_DEPLOYMENT_TARGET = 16.0;
				LD_RUNPATH_SEARCH_PATHS = "@executable_path/Frameworks";
				"LD_RUNPATH_SEARCH_PATHS[sdk=macosx*]" = "@executable_path/../Frameworks";
				MACOSX_DEPLOYMENT_TARGET = 13.3;
				MARKETING_VERSION = 1.0;
				PRODUCT_BUNDLE_IDENTIFIER = "com.parkhj0423.Depromeet-TCA-Sample";
				PRODUCT_NAME = "$(TARGET_NAME)";
				SDKROOT = auto;
				SUPPORTED_PLATFORMS = "iphoneos iphonesimulator";
				SUPPORTS_MACCATALYST = NO;
				SUPPORTS_MAC_DESIGNED_FOR_IPHONE_IPAD = NO;
				SWIFT_EMIT_LOC_STRINGS = YES;
				SWIFT_VERSION = 5.0;
				TARGETED_DEVICE_FAMILY = 1;
			};
			name = Debug;
		};
		8C038B4C29EA682C00A66FA9 /* Release */ = {
			isa = XCBuildConfiguration;
			buildSettings = {
				ASSETCATALOG_COMPILER_APPICON_NAME = AppIcon;
				ASSETCATALOG_COMPILER_GLOBAL_ACCENT_COLOR_NAME = AccentColor;
				CODE_SIGN_ENTITLEMENTS = Depromeet_TCA_Sample/Resource/Depromeet_TCA_Sample.entitlements;
				CODE_SIGN_STYLE = Automatic;
				CURRENT_PROJECT_VERSION = 1;
				DEVELOPMENT_ASSET_PATHS = "\"Depromeet_TCA_Sample/Preview Content\"";
				DEVELOPMENT_TEAM = 69RY8NDZ33;
				ENABLE_HARDENED_RUNTIME = YES;
				ENABLE_PREVIEWS = YES;
				GENERATE_INFOPLIST_FILE = YES;
				INFOPLIST_FILE = "Depromeet_TCA_Sample/Resource/Depromeet-TCA-Sample-Info.plist";
				"INFOPLIST_KEY_UIApplicationSceneManifest_Generation[sdk=iphoneos*]" = YES;
				"INFOPLIST_KEY_UIApplicationSceneManifest_Generation[sdk=iphonesimulator*]" = YES;
				"INFOPLIST_KEY_UIApplicationSupportsIndirectInputEvents[sdk=iphoneos*]" = YES;
				"INFOPLIST_KEY_UIApplicationSupportsIndirectInputEvents[sdk=iphonesimulator*]" = YES;
				"INFOPLIST_KEY_UILaunchScreen_Generation[sdk=iphoneos*]" = YES;
				"INFOPLIST_KEY_UILaunchScreen_Generation[sdk=iphonesimulator*]" = YES;
				"INFOPLIST_KEY_UIStatusBarStyle[sdk=iphoneos*]" = UIStatusBarStyleDefault;
				"INFOPLIST_KEY_UIStatusBarStyle[sdk=iphonesimulator*]" = UIStatusBarStyleDefault;
				INFOPLIST_KEY_UISupportedInterfaceOrientations = UIInterfaceOrientationPortrait;
				INFOPLIST_KEY_UISupportedInterfaceOrientations_iPad = "UIInterfaceOrientationLandscapeLeft UIInterfaceOrientationLandscapeRight UIInterfaceOrientationPortrait UIInterfaceOrientationPortraitUpsideDown";
				IPHONEOS_DEPLOYMENT_TARGET = 16.0;
				LD_RUNPATH_SEARCH_PATHS = "@executable_path/Frameworks";
				"LD_RUNPATH_SEARCH_PATHS[sdk=macosx*]" = "@executable_path/../Frameworks";
				MACOSX_DEPLOYMENT_TARGET = 13.3;
				MARKETING_VERSION = 1.0;
				PRODUCT_BUNDLE_IDENTIFIER = "com.parkhj0423.Depromeet-TCA-Sample";
				PRODUCT_NAME = "$(TARGET_NAME)";
				SDKROOT = auto;
				SUPPORTED_PLATFORMS = "iphoneos iphonesimulator";
				SUPPORTS_MACCATALYST = NO;
				SUPPORTS_MAC_DESIGNED_FOR_IPHONE_IPAD = NO;
				SWIFT_EMIT_LOC_STRINGS = YES;
				SWIFT_VERSION = 5.0;
				TARGETED_DEVICE_FAMILY = 1;
			};
			name = Release;
		};
		8C038B4E29EA682C00A66FA9 /* Debug */ = {
			isa = XCBuildConfiguration;
			buildSettings = {
				ALWAYS_EMBED_SWIFT_STANDARD_LIBRARIES = YES;
				BUNDLE_LOADER = "$(TEST_HOST)";
				CODE_SIGN_STYLE = Automatic;
				CURRENT_PROJECT_VERSION = 1;
				DEVELOPMENT_TEAM = 69RY8NDZ33;
				GENERATE_INFOPLIST_FILE = YES;
				IPHONEOS_DEPLOYMENT_TARGET = 16.4;
				MACOSX_DEPLOYMENT_TARGET = 13.3;
				MARKETING_VERSION = 1.0;
				PRODUCT_BUNDLE_IDENTIFIER = "com.parkhj0423.Depromeet-TCA-SampleTests";
				PRODUCT_NAME = "$(TARGET_NAME)";
				SDKROOT = auto;
				SUPPORTED_PLATFORMS = "iphoneos iphonesimulator macosx";
				SWIFT_EMIT_LOC_STRINGS = NO;
				SWIFT_VERSION = 5.0;
				TARGETED_DEVICE_FAMILY = "1,2";
				TEST_HOST = "$(BUILT_PRODUCTS_DIR)/Depromeet_TCA_Sample.app/$(BUNDLE_EXECUTABLE_FOLDER_PATH)/Depromeet_TCA_Sample";
			};
			name = Debug;
		};
		8C038B4F29EA682C00A66FA9 /* Release */ = {
			isa = XCBuildConfiguration;
			buildSettings = {
				ALWAYS_EMBED_SWIFT_STANDARD_LIBRARIES = YES;
				BUNDLE_LOADER = "$(TEST_HOST)";
				CODE_SIGN_STYLE = Automatic;
				CURRENT_PROJECT_VERSION = 1;
				DEVELOPMENT_TEAM = 69RY8NDZ33;
				GENERATE_INFOPLIST_FILE = YES;
				IPHONEOS_DEPLOYMENT_TARGET = 16.4;
				MACOSX_DEPLOYMENT_TARGET = 13.3;
				MARKETING_VERSION = 1.0;
				PRODUCT_BUNDLE_IDENTIFIER = "com.parkhj0423.Depromeet-TCA-SampleTests";
				PRODUCT_NAME = "$(TARGET_NAME)";
				SDKROOT = auto;
				SUPPORTED_PLATFORMS = "iphoneos iphonesimulator macosx";
				SWIFT_EMIT_LOC_STRINGS = NO;
				SWIFT_VERSION = 5.0;
				TARGETED_DEVICE_FAMILY = "1,2";
				TEST_HOST = "$(BUILT_PRODUCTS_DIR)/Depromeet_TCA_Sample.app/$(BUNDLE_EXECUTABLE_FOLDER_PATH)/Depromeet_TCA_Sample";
			};
			name = Release;
		};
		8C038B5129EA682C00A66FA9 /* Debug */ = {
			isa = XCBuildConfiguration;
			buildSettings = {
				ALWAYS_EMBED_SWIFT_STANDARD_LIBRARIES = YES;
				CODE_SIGN_STYLE = Automatic;
				CURRENT_PROJECT_VERSION = 1;
				DEVELOPMENT_TEAM = 69RY8NDZ33;
				GENERATE_INFOPLIST_FILE = YES;
				IPHONEOS_DEPLOYMENT_TARGET = 16.4;
				MACOSX_DEPLOYMENT_TARGET = 13.3;
				MARKETING_VERSION = 1.0;
				PRODUCT_BUNDLE_IDENTIFIER = "com.parkhj0423.Depromeet-TCA-SampleUITests";
				PRODUCT_NAME = "$(TARGET_NAME)";
				SDKROOT = auto;
				SUPPORTED_PLATFORMS = "iphoneos iphonesimulator macosx";
				SWIFT_EMIT_LOC_STRINGS = NO;
				SWIFT_VERSION = 5.0;
				TARGETED_DEVICE_FAMILY = "1,2";
				TEST_TARGET_NAME = Depromeet_TCA_Sample;
			};
			name = Debug;
		};
		8C038B5229EA682C00A66FA9 /* Release */ = {
			isa = XCBuildConfiguration;
			buildSettings = {
				ALWAYS_EMBED_SWIFT_STANDARD_LIBRARIES = YES;
				CODE_SIGN_STYLE = Automatic;
				CURRENT_PROJECT_VERSION = 1;
				DEVELOPMENT_TEAM = 69RY8NDZ33;
				GENERATE_INFOPLIST_FILE = YES;
				IPHONEOS_DEPLOYMENT_TARGET = 16.4;
				MACOSX_DEPLOYMENT_TARGET = 13.3;
				MARKETING_VERSION = 1.0;
				PRODUCT_BUNDLE_IDENTIFIER = "com.parkhj0423.Depromeet-TCA-SampleUITests";
				PRODUCT_NAME = "$(TARGET_NAME)";
				SDKROOT = auto;
				SUPPORTED_PLATFORMS = "iphoneos iphonesimulator macosx";
				SWIFT_EMIT_LOC_STRINGS = NO;
				SWIFT_VERSION = 5.0;
				TARGETED_DEVICE_FAMILY = "1,2";
				TEST_TARGET_NAME = Depromeet_TCA_Sample;
			};
			name = Release;
		};
/* End XCBuildConfiguration section */

/* Begin XCConfigurationList section */
		8C038B2029EA682B00A66FA9 /* Build configuration list for PBXProject "Depromeet_TCA_Sample" */ = {
			isa = XCConfigurationList;
			buildConfigurations = (
				8C038B4829EA682C00A66FA9 /* Debug */,
				8C038B4929EA682C00A66FA9 /* Release */,
			);
			defaultConfigurationIsVisible = 0;
			defaultConfigurationName = Release;
		};
		8C038B4A29EA682C00A66FA9 /* Build configuration list for PBXNativeTarget "Depromeet_TCA_Sample" */ = {
			isa = XCConfigurationList;
			buildConfigurations = (
				8C038B4B29EA682C00A66FA9 /* Debug */,
				8C038B4C29EA682C00A66FA9 /* Release */,
			);
			defaultConfigurationIsVisible = 0;
			defaultConfigurationName = Release;
		};
		8C038B4D29EA682C00A66FA9 /* Build configuration list for PBXNativeTarget "Depromeet_TCA_SampleTests" */ = {
			isa = XCConfigurationList;
			buildConfigurations = (
				8C038B4E29EA682C00A66FA9 /* Debug */,
				8C038B4F29EA682C00A66FA9 /* Release */,
			);
			defaultConfigurationIsVisible = 0;
			defaultConfigurationName = Release;
		};
		8C038B5029EA682C00A66FA9 /* Build configuration list for PBXNativeTarget "Depromeet_TCA_SampleUITests" */ = {
			isa = XCConfigurationList;
			buildConfigurations = (
				8C038B5129EA682C00A66FA9 /* Debug */,
				8C038B5229EA682C00A66FA9 /* Release */,
			);
			defaultConfigurationIsVisible = 0;
			defaultConfigurationName = Release;
		};
/* End XCConfigurationList section */

/* Begin XCRemoteSwiftPackageReference section */
		8C038B5329EA68CE00A66FA9 /* XCRemoteSwiftPackageReference "swift-composable-architecture" */ = {
			isa = XCRemoteSwiftPackageReference;
			repositoryURL = "https://github.com/pointfreeco/swift-composable-architecture.git";
			requirement = {
				kind = upToNextMajorVersion;
				minimumVersion = 0.52.0;
			};
		};
		8C038B5629EA6C9000A66FA9 /* XCRemoteSwiftPackageReference "TCACoordinators" */ = {
			isa = XCRemoteSwiftPackageReference;
			repositoryURL = "https://github.com/johnpatrickmorgan/TCACoordinators.git";
			requirement = {
				kind = upToNextMajorVersion;
				minimumVersion = 0.4.3;
			};
		};
/* End XCRemoteSwiftPackageReference section */

/* Begin XCSwiftPackageProductDependency section */
		8C038B5429EA68CE00A66FA9 /* ComposableArchitecture */ = {
			isa = XCSwiftPackageProductDependency;
			package = 8C038B5329EA68CE00A66FA9 /* XCRemoteSwiftPackageReference "swift-composable-architecture" */;
			productName = ComposableArchitecture;
		};
		8C038B5729EA6C9000A66FA9 /* TCACoordinators */ = {
			isa = XCSwiftPackageProductDependency;
			package = 8C038B5629EA6C9000A66FA9 /* XCRemoteSwiftPackageReference "TCACoordinators" */;
			productName = TCACoordinators;
		};
/* End XCSwiftPackageProductDependency section */
	};
	rootObject = 8C038B1D29EA682B00A66FA9 /* Project object */;
}
